
Microsoft Visual Studio Solution File, Format Version 12.00
# Visual Studio 15
VisualStudioVersion = 15.0.26124.0
MinimumVisualStudioVersion = 15.0.26124.0
Project("{FAE04EC0-301F-11D3-BF4B-00C04F79EFBC}") = "OSDevGrp.OSIntranet.Domain.Interfaces", "OSDevGrp.OSIntranet.Domain.Interfaces\OSDevGrp.OSIntranet.Domain.Interfaces.csproj", "{18E00EC1-F882-47BE-8B17-8375B25C80AF}"
EndProject
Project("{FAE04EC0-301F-11D3-BF4B-00C04F79EFBC}") = "OSDevGrp.OSIntranet.Domain", "OSDevGrp.OSIntranet.Domain\OSDevGrp.OSIntranet.Domain.csproj", "{62F75A14-CB2A-43C2-8190-69FAD8C639F2}"
EndProject
Project("{FAE04EC0-301F-11D3-BF4B-00C04F79EFBC}") = "OSDevGrp.OSIntranet.Repositories.Interfaces", "OSDevGrp.OSIntranet.Repositories.Interfaces\OSDevGrp.OSIntranet.Repositories.Interfaces.csproj", "{54C8E5F9-E4C4-4B08-9041-8F07E79FEC8E}"
EndProject
Project("{FAE04EC0-301F-11D3-BF4B-00C04F79EFBC}") = "OSDevGrp.OSIntranet.Repositories", "OSDevGrp.OSIntranet.Repositories\OSDevGrp.OSIntranet.Repositories.csproj", "{C58726FC-DC26-4693-B86A-E516DCB0E2E3}"
EndProject
Project("{FAE04EC0-301F-11D3-BF4B-00C04F79EFBC}") = "OSDevGrp.OSIntranet.Repositories.Tests", "OSDevGrp.OSIntranet.Repositories.Tests\OSDevGrp.OSIntranet.Repositories.Tests.csproj", "{02F14B57-4291-4D29-8F14-35B909E88006}"
EndProject
Project("{FAE04EC0-301F-11D3-BF4B-00C04F79EFBC}") = "OSDevGrp.OSIntranet.Core.Interfaces", "OSDevGrp.OSIntranet.Core.Interfaces\OSDevGrp.OSIntranet.Core.Interfaces.csproj", "{9665D7EF-E629-4B43-AAD6-99F522A58A77}"
EndProject
Project("{FAE04EC0-301F-11D3-BF4B-00C04F79EFBC}") = "OSDevGrp.OSIntranet.Core", "OSDevGrp.OSIntranet.Core\OSDevGrp.OSIntranet.Core.csproj", "{A797552C-3A0E-42DE-AD70-78EA49EC0186}"
EndProject
Project("{FAE04EC0-301F-11D3-BF4B-00C04F79EFBC}") = "OSDevGrp.OSIntranet.Core.Tests", "OSDevGrp.OSIntranet.Core.Tests\OSDevGrp.OSIntranet.Core.Tests.csproj", "{31ADD4FF-D8DC-41BE-9C7B-F77AD008A64B}"
EndProject
Project("{FAE04EC0-301F-11D3-BF4B-00C04F79EFBC}") = "OSDevGrp.OSIntranet.Core.TestHelpers", "OSDevGrp.OSIntranet.Core.TestHelpers\OSDevGrp.OSIntranet.Core.TestHelpers.csproj", "{58CCC849-8DAF-4757-B9B7-B15F092C0EB7}"
EndProject
Global
	GlobalSection(SolutionConfigurationPlatforms) = preSolution
		Debug|Any CPU = Debug|Any CPU
		Debug|x64 = Debug|x64
		Debug|x86 = Debug|x86
		Release|Any CPU = Release|Any CPU
		Release|x64 = Release|x64
		Release|x86 = Release|x86
	EndGlobalSection
	GlobalSection(SolutionProperties) = preSolution
		HideSolutionNode = FALSE
	EndGlobalSection
	GlobalSection(ProjectConfigurationPlatforms) = postSolution
		{18E00EC1-F882-47BE-8B17-8375B25C80AF}.Debug|Any CPU.ActiveCfg = Debug|Any CPU
		{18E00EC1-F882-47BE-8B17-8375B25C80AF}.Debug|Any CPU.Build.0 = Debug|Any CPU
		{18E00EC1-F882-47BE-8B17-8375B25C80AF}.Debug|x64.ActiveCfg = Debug|Any CPU
		{18E00EC1-F882-47BE-8B17-8375B25C80AF}.Debug|x64.Build.0 = Debug|Any CPU
		{18E00EC1-F882-47BE-8B17-8375B25C80AF}.Debug|x86.ActiveCfg = Debug|Any CPU
		{18E00EC1-F882-47BE-8B17-8375B25C80AF}.Debug|x86.Build.0 = Debug|Any CPU
		{18E00EC1-F882-47BE-8B17-8375B25C80AF}.Release|Any CPU.ActiveCfg = Release|Any CPU
		{18E00EC1-F882-47BE-8B17-8375B25C80AF}.Release|Any CPU.Build.0 = Release|Any CPU
		{18E00EC1-F882-47BE-8B17-8375B25C80AF}.Release|x64.ActiveCfg = Release|Any CPU
		{18E00EC1-F882-47BE-8B17-8375B25C80AF}.Release|x64.Build.0 = Release|Any CPU
		{18E00EC1-F882-47BE-8B17-8375B25C80AF}.Release|x86.ActiveCfg = Release|Any CPU
		{18E00EC1-F882-47BE-8B17-8375B25C80AF}.Release|x86.Build.0 = Release|Any CPU
		{62F75A14-CB2A-43C2-8190-69FAD8C639F2}.Debug|Any CPU.ActiveCfg = Debug|Any CPU
		{62F75A14-CB2A-43C2-8190-69FAD8C639F2}.Debug|Any CPU.Build.0 = Debug|Any CPU
		{62F75A14-CB2A-43C2-8190-69FAD8C639F2}.Debug|x64.ActiveCfg = Debug|Any CPU
		{62F75A14-CB2A-43C2-8190-69FAD8C639F2}.Debug|x64.Build.0 = Debug|Any CPU
		{62F75A14-CB2A-43C2-8190-69FAD8C639F2}.Debug|x86.ActiveCfg = Debug|Any CPU
		{62F75A14-CB2A-43C2-8190-69FAD8C639F2}.Debug|x86.Build.0 = Debug|Any CPU
		{62F75A14-CB2A-43C2-8190-69FAD8C639F2}.Release|Any CPU.ActiveCfg = Release|Any CPU
		{62F75A14-CB2A-43C2-8190-69FAD8C639F2}.Release|Any CPU.Build.0 = Release|Any CPU
		{62F75A14-CB2A-43C2-8190-69FAD8C639F2}.Release|x64.ActiveCfg = Release|Any CPU
		{62F75A14-CB2A-43C2-8190-69FAD8C639F2}.Release|x64.Build.0 = Release|Any CPU
		{62F75A14-CB2A-43C2-8190-69FAD8C639F2}.Release|x86.ActiveCfg = Release|Any CPU
		{62F75A14-CB2A-43C2-8190-69FAD8C639F2}.Release|x86.Build.0 = Release|Any CPU
		{54C8E5F9-E4C4-4B08-9041-8F07E79FEC8E}.Debug|Any CPU.ActiveCfg = Debug|Any CPU
		{54C8E5F9-E4C4-4B08-9041-8F07E79FEC8E}.Debug|Any CPU.Build.0 = Debug|Any CPU
		{54C8E5F9-E4C4-4B08-9041-8F07E79FEC8E}.Debug|x64.ActiveCfg = Debug|Any CPU
		{54C8E5F9-E4C4-4B08-9041-8F07E79FEC8E}.Debug|x64.Build.0 = Debug|Any CPU
		{54C8E5F9-E4C4-4B08-9041-8F07E79FEC8E}.Debug|x86.ActiveCfg = Debug|Any CPU
		{54C8E5F9-E4C4-4B08-9041-8F07E79FEC8E}.Debug|x86.Build.0 = Debug|Any CPU
		{54C8E5F9-E4C4-4B08-9041-8F07E79FEC8E}.Release|Any CPU.ActiveCfg = Release|Any CPU
		{54C8E5F9-E4C4-4B08-9041-8F07E79FEC8E}.Release|Any CPU.Build.0 = Release|Any CPU
		{54C8E5F9-E4C4-4B08-9041-8F07E79FEC8E}.Release|x64.ActiveCfg = Release|Any CPU
		{54C8E5F9-E4C4-4B08-9041-8F07E79FEC8E}.Release|x64.Build.0 = Release|Any CPU
		{54C8E5F9-E4C4-4B08-9041-8F07E79FEC8E}.Release|x86.ActiveCfg = Release|Any CPU
		{54C8E5F9-E4C4-4B08-9041-8F07E79FEC8E}.Release|x86.Build.0 = Release|Any CPU
		{C58726FC-DC26-4693-B86A-E516DCB0E2E3}.Debug|Any CPU.ActiveCfg = Debug|Any CPU
		{C58726FC-DC26-4693-B86A-E516DCB0E2E3}.Debug|Any CPU.Build.0 = Debug|Any CPU
		{C58726FC-DC26-4693-B86A-E516DCB0E2E3}.Debug|x64.ActiveCfg = Debug|Any CPU
		{C58726FC-DC26-4693-B86A-E516DCB0E2E3}.Debug|x64.Build.0 = Debug|Any CPU
		{C58726FC-DC26-4693-B86A-E516DCB0E2E3}.Debug|x86.ActiveCfg = Debug|Any CPU
		{C58726FC-DC26-4693-B86A-E516DCB0E2E3}.Debug|x86.Build.0 = Debug|Any CPU
		{C58726FC-DC26-4693-B86A-E516DCB0E2E3}.Release|Any CPU.ActiveCfg = Release|Any CPU
		{C58726FC-DC26-4693-B86A-E516DCB0E2E3}.Release|Any CPU.Build.0 = Release|Any CPU
		{C58726FC-DC26-4693-B86A-E516DCB0E2E3}.Release|x64.ActiveCfg = Release|Any CPU
		{C58726FC-DC26-4693-B86A-E516DCB0E2E3}.Release|x64.Build.0 = Release|Any CPU
		{C58726FC-DC26-4693-B86A-E516DCB0E2E3}.Release|x86.ActiveCfg = Release|Any CPU
		{C58726FC-DC26-4693-B86A-E516DCB0E2E3}.Release|x86.Build.0 = Release|Any CPU
		{02F14B57-4291-4D29-8F14-35B909E88006}.Debug|Any CPU.ActiveCfg = Debug|Any CPU
		{02F14B57-4291-4D29-8F14-35B909E88006}.Debug|Any CPU.Build.0 = Debug|Any CPU
		{02F14B57-4291-4D29-8F14-35B909E88006}.Debug|x64.ActiveCfg = Debug|Any CPU
		{02F14B57-4291-4D29-8F14-35B909E88006}.Debug|x64.Build.0 = Debug|Any CPU
		{02F14B57-4291-4D29-8F14-35B909E88006}.Debug|x86.ActiveCfg = Debug|Any CPU
		{02F14B57-4291-4D29-8F14-35B909E88006}.Debug|x86.Build.0 = Debug|Any CPU
		{02F14B57-4291-4D29-8F14-35B909E88006}.Release|Any CPU.ActiveCfg = Release|Any CPU
		{02F14B57-4291-4D29-8F14-35B909E88006}.Release|Any CPU.Build.0 = Release|Any CPU
		{02F14B57-4291-4D29-8F14-35B909E88006}.Release|x64.ActiveCfg = Release|Any CPU
		{02F14B57-4291-4D29-8F14-35B909E88006}.Release|x64.Build.0 = Release|Any CPU
		{02F14B57-4291-4D29-8F14-35B909E88006}.Release|x86.ActiveCfg = Release|Any CPU
		{02F14B57-4291-4D29-8F14-35B909E88006}.Release|x86.Build.0 = Release|Any CPU
		{9665D7EF-E629-4B43-AAD6-99F522A58A77}.Debug|Any CPU.ActiveCfg = Debug|Any CPU
		{9665D7EF-E629-4B43-AAD6-99F522A58A77}.Debug|Any CPU.Build.0 = Debug|Any CPU
		{9665D7EF-E629-4B43-AAD6-99F522A58A77}.Debug|x64.ActiveCfg = Debug|Any CPU
		{9665D7EF-E629-4B43-AAD6-99F522A58A77}.Debug|x64.Build.0 = Debug|Any CPU
		{9665D7EF-E629-4B43-AAD6-99F522A58A77}.Debug|x86.ActiveCfg = Debug|Any CPU
		{9665D7EF-E629-4B43-AAD6-99F522A58A77}.Debug|x86.Build.0 = Debug|Any CPU
		{9665D7EF-E629-4B43-AAD6-99F522A58A77}.Release|Any CPU.ActiveCfg = Release|Any CPU
		{9665D7EF-E629-4B43-AAD6-99F522A58A77}.Release|Any CPU.Build.0 = Release|Any CPU
		{9665D7EF-E629-4B43-AAD6-99F522A58A77}.Release|x64.ActiveCfg = Release|Any CPU
		{9665D7EF-E629-4B43-AAD6-99F522A58A77}.Release|x64.Build.0 = Release|Any CPU
		{9665D7EF-E629-4B43-AAD6-99F522A58A77}.Release|x86.ActiveCfg = Release|Any CPU
		{9665D7EF-E629-4B43-AAD6-99F522A58A77}.Release|x86.Build.0 = Release|Any CPU
		{A797552C-3A0E-42DE-AD70-78EA49EC0186}.Debug|Any CPU.ActiveCfg = Debug|Any CPU
		{A797552C-3A0E-42DE-AD70-78EA49EC0186}.Debug|Any CPU.Build.0 = Debug|Any CPU
		{A797552C-3A0E-42DE-AD70-78EA49EC0186}.Debug|x64.ActiveCfg = Debug|Any CPU
		{A797552C-3A0E-42DE-AD70-78EA49EC0186}.Debug|x64.Build.0 = Debug|Any CPU
		{A797552C-3A0E-42DE-AD70-78EA49EC0186}.Debug|x86.ActiveCfg = Debug|Any CPU
		{A797552C-3A0E-42DE-AD70-78EA49EC0186}.Debug|x86.Build.0 = Debug|Any CPU
		{A797552C-3A0E-42DE-AD70-78EA49EC0186}.Release|Any CPU.ActiveCfg = Release|Any CPU
		{A797552C-3A0E-42DE-AD70-78EA49EC0186}.Release|Any CPU.Build.0 = Release|Any CPU
		{A797552C-3A0E-42DE-AD70-78EA49EC0186}.Release|x64.ActiveCfg = Release|Any CPU
		{A797552C-3A0E-42DE-AD70-78EA49EC0186}.Release|x64.Build.0 = Release|Any CPU
		{A797552C-3A0E-42DE-AD70-78EA49EC0186}.Release|x86.ActiveCfg = Release|Any CPU
		{A797552C-3A0E-42DE-AD70-78EA49EC0186}.Release|x86.Build.0 = Release|Any CPU
		{31ADD4FF-D8DC-41BE-9C7B-F77AD008A64B}.Debug|Any CPU.ActiveCfg = Debug|Any CPU
		{31ADD4FF-D8DC-41BE-9C7B-F77AD008A64B}.Debug|Any CPU.Build.0 = Debug|Any CPU
		{31ADD4FF-D8DC-41BE-9C7B-F77AD008A64B}.Debug|x64.ActiveCfg = Debug|Any CPU
		{31ADD4FF-D8DC-41BE-9C7B-F77AD008A64B}.Debug|x64.Build.0 = Debug|Any CPU
		{31ADD4FF-D8DC-41BE-9C7B-F77AD008A64B}.Debug|x86.ActiveCfg = Debug|Any CPU
		{31ADD4FF-D8DC-41BE-9C7B-F77AD008A64B}.Debug|x86.Build.0 = Debug|Any CPU
		{31ADD4FF-D8DC-41BE-9C7B-F77AD008A64B}.Release|Any CPU.ActiveCfg = Release|Any CPU
		{31ADD4FF-D8DC-41BE-9C7B-F77AD008A64B}.Release|Any CPU.Build.0 = Release|Any CPU
		{31ADD4FF-D8DC-41BE-9C7B-F77AD008A64B}.Release|x64.ActiveCfg = Release|Any CPU
		{31ADD4FF-D8DC-41BE-9C7B-F77AD008A64B}.Release|x64.Build.0 = Release|Any CPU
		{31ADD4FF-D8DC-41BE-9C7B-F77AD008A64B}.Release|x86.ActiveCfg = Release|Any CPU
		{31ADD4FF-D8DC-41BE-9C7B-F77AD008A64B}.Release|x86.Build.0 = Release|Any CPU
		{58CCC849-8DAF-4757-B9B7-B15F092C0EB7}.Debug|Any CPU.ActiveCfg = Debug|Any CPU
		{58CCC849-8DAF-4757-B9B7-B15F092C0EB7}.Debug|Any CPU.Build.0 = Debug|Any CPU
		{58CCC849-8DAF-4757-B9B7-B15F092C0EB7}.Debug|x64.ActiveCfg = Debug|Any CPU
		{58CCC849-8DAF-4757-B9B7-B15F092C0EB7}.Debug|x64.Build.0 = Debug|Any CPU
		{58CCC849-8DAF-4757-B9B7-B15F092C0EB7}.Debug|x86.ActiveCfg = Debug|Any CPU
		{58CCC849-8DAF-4757-B9B7-B15F092C0EB7}.Debug|x86.Build.0 = Debug|Any CPU
		{58CCC849-8DAF-4757-B9B7-B15F092C0EB7}.Release|Any CPU.ActiveCfg = Release|Any CPU
		{58CCC849-8DAF-4757-B9B7-B15F092C0EB7}.Release|Any CPU.Build.0 = Release|Any CPU
		{58CCC849-8DAF-4757-B9B7-B15F092C0EB7}.Release|x64.ActiveCfg = Release|Any CPU
		{58CCC849-8DAF-4757-B9B7-B15F092C0EB7}.Release|x64.Build.0 = Release|Any CPU
		{58CCC849-8DAF-4757-B9B7-B15F092C0EB7}.Release|x86.ActiveCfg = Release|Any CPU
		{58CCC849-8DAF-4757-B9B7-B15F092C0EB7}.Release|x86.Build.0 = Release|Any CPU
	EndGlobalSection
EndGlobal
